
Microsoft Visual Studio Solution File, Format Version 12.00
# Visual Studio Version 16
VisualStudioVersion = 16.0.29709.97
MinimumVisualStudioVersion = 10.0.40219.1
Project("{9A19103F-16F7-4668-BE54-9A1E7A4F7556}") = "01.Sign of Integer Numbers", "Methods-lab\01.Sign of Integer Numbers.csproj", "{E1690EA6-9607-4E61-8507-B473C7F80911}"
EndProject
Project("{9A19103F-16F7-4668-BE54-9A1E7A4F7556}") = "02.Grades", "02.Grades\02.Grades.csproj", "{B08E4CDF-E166-4322-A040-FDF68B4C0C12}"
EndProject
Project("{9A19103F-16F7-4668-BE54-9A1E7A4F7556}") = "03.Calculations", "03.Calculations\03.Calculations.csproj", "{9AD9E3EC-DFA9-4D36-8AF1-95CD5BD8BD11}"
EndProject
Project("{9A19103F-16F7-4668-BE54-9A1E7A4F7556}") = "04.PrintingTriangle", "04.PrintingTriangle\04.PrintingTriangle.csproj", "{4980C415-EE9D-4BC3-9817-7D20B5828A66}"
EndProject
Project("{9A19103F-16F7-4668-BE54-9A1E7A4F7556}") = "05.Orders", "05.Orders\05.Orders.csproj", "{8D52CE70-E6FD-44B8-BDEA-E057B38ABB5A}"
EndProject
Project("{9A19103F-16F7-4668-BE54-9A1E7A4F7556}") = "06.CalculateRectangleArea", "06.CalculateRectangleArea\06.CalculateRectangleArea.csproj", "{FAD05195-F8E1-44BC-87D2-E6CA5ED72AAE}"
EndProject
Project("{9A19103F-16F7-4668-BE54-9A1E7A4F7556}") = "07.RepeatString", "07.RepeatString\07.RepeatString.csproj", "{3AA45F37-6AAD-4DD6-A662-DD0149D5B85E}"
EndProject
Project("{9A19103F-16F7-4668-BE54-9A1E7A4F7556}") = "08.MathPower", "08.MathPower\08.MathPower.csproj", "{9C632A43-7C0D-4FDD-ADAF-21A057943095}"
EndProject
Project("{9A19103F-16F7-4668-BE54-9A1E7A4F7556}") = "09.greaterOf2Values", "09.greaterOf2Values\09.greaterOf2Values.csproj", "{5FFEF4A2-8467-4845-A8FC-A094415A4B8A}"
EndProject
Project("{FAE04EC0-301F-11D3-BF4B-00C04F79EFBC}") = "10.MultiplyEvenByOdds", "10.MultiplyEvenByOdds\10.MultiplyEvenByOdds.csproj", "{77AC5E26-80A1-4429-8A45-415DEDA91A76}"
EndProject
Project("{FAE04EC0-301F-11D3-BF4B-00C04F79EFBC}") = "10.multiplyEvenByOdds2ndWay", "10.multiplyEvenByOdds2ndWay\10.multiplyEvenByOdds2ndWay.csproj", "{75EF6D81-DF7E-4AE1-9183-B19D6BB169FD}"
EndProject
Project("{FAE04EC0-301F-11D3-BF4B-00C04F79EFBC}") = "11.MathOperations", "11.MathOperations\11.MathOperations.csproj", "{8C4DE8FF-BA9A-4B67-86C3-FB5733BDC596}"
EndProject
Global
	GlobalSection(SolutionConfigurationPlatforms) = preSolution
		Debug|Any CPU = Debug|Any CPU
		Release|Any CPU = Release|Any CPU
	EndGlobalSection
	GlobalSection(ProjectConfigurationPlatforms) = postSolution
		{E1690EA6-9607-4E61-8507-B473C7F80911}.Debug|Any CPU.ActiveCfg = Debug|Any CPU
		{E1690EA6-9607-4E61-8507-B473C7F80911}.Debug|Any CPU.Build.0 = Debug|Any CPU
		{E1690EA6-9607-4E61-8507-B473C7F80911}.Release|Any CPU.ActiveCfg = Release|Any CPU
		{E1690EA6-9607-4E61-8507-B473C7F80911}.Release|Any CPU.Build.0 = Release|Any CPU
		{B08E4CDF-E166-4322-A040-FDF68B4C0C12}.Debug|Any CPU.ActiveCfg = Debug|Any CPU
		{B08E4CDF-E166-4322-A040-FDF68B4C0C12}.Debug|Any CPU.Build.0 = Debug|Any CPU
		{B08E4CDF-E166-4322-A040-FDF68B4C0C12}.Release|Any CPU.ActiveCfg = Release|Any CPU
		{B08E4CDF-E166-4322-A040-FDF68B4C0C12}.Release|Any CPU.Build.0 = Release|Any CPU
		{9AD9E3EC-DFA9-4D36-8AF1-95CD5BD8BD11}.Debug|Any CPU.ActiveCfg = Debug|Any CPU
		{9AD9E3EC-DFA9-4D36-8AF1-95CD5BD8BD11}.Debug|Any CPU.Build.0 = Debug|Any CPU
		{9AD9E3EC-DFA9-4D36-8AF1-95CD5BD8BD11}.Release|Any CPU.ActiveCfg = Release|Any CPU
		{9AD9E3EC-DFA9-4D36-8AF1-95CD5BD8BD11}.Release|Any CPU.Build.0 = Release|Any CPU
		{4980C415-EE9D-4BC3-9817-7D20B5828A66}.Debug|Any CPU.ActiveCfg = Debug|Any CPU
		{4980C415-EE9D-4BC3-9817-7D20B5828A66}.Debug|Any CPU.Build.0 = Debug|Any CPU
		{4980C415-EE9D-4BC3-9817-7D20B5828A66}.Release|Any CPU.ActiveCfg = Release|Any CPU
		{4980C415-EE9D-4BC3-9817-7D20B5828A66}.Release|Any CPU.Build.0 = Release|Any CPU
		{8D52CE70-E6FD-44B8-BDEA-E057B38ABB5A}.Debug|Any CPU.ActiveCfg = Debug|Any CPU
		{8D52CE70-E6FD-44B8-BDEA-E057B38ABB5A}.Debug|Any CPU.Build.0 = Debug|Any CPU
		{8D52CE70-E6FD-44B8-BDEA-E057B38ABB5A}.Release|Any CPU.ActiveCfg = Release|Any CPU
		{8D52CE70-E6FD-44B8-BDEA-E057B38ABB5A}.Release|Any CPU.Build.0 = Release|Any CPU
		{FAD05195-F8E1-44BC-87D2-E6CA5ED72AAE}.Debug|Any CPU.ActiveCfg = Debug|Any CPU
		{FAD05195-F8E1-44BC-87D2-E6CA5ED72AAE}.Debug|Any CPU.Build.0 = Debug|Any CPU
		{FAD05195-F8E1-44BC-87D2-E6CA5ED72AAE}.Release|Any CPU.ActiveCfg = Release|Any CPU
		{FAD05195-F8E1-44BC-87D2-E6CA5ED72AAE}.Release|Any CPU.Build.0 = Release|Any CPU
		{3AA45F37-6AAD-4DD6-A662-DD0149D5B85E}.Debug|Any CPU.ActiveCfg = Debug|Any CPU
		{3AA45F37-6AAD-4DD6-A662-DD0149D5B85E}.Debug|Any CPU.Build.0 = Debug|Any CPU
		{3AA45F37-6AAD-4DD6-A662-DD0149D5B85E}.Release|Any CPU.ActiveCfg = Release|Any CPU
		{3AA45F37-6AAD-4DD6-A662-DD0149D5B85E}.Release|Any CPU.Build.0 = Release|Any CPU
		{9C632A43-7C0D-4FDD-ADAF-21A057943095}.Debug|Any CPU.ActiveCfg = Debug|Any CPU
		{9C632A43-7C0D-4FDD-ADAF-21A057943095}.Debug|Any CPU.Build.0 = Debug|Any CPU
		{9C632A43-7C0D-4FDD-ADAF-21A057943095}.Release|Any CPU.ActiveCfg = Release|Any CPU
		{9C632A43-7C0D-4FDD-ADAF-21A057943095}.Release|Any CPU.Build.0 = Release|Any CPU
		{5FFEF4A2-8467-4845-A8FC-A094415A4B8A}.Debug|Any CPU.ActiveCfg = Debug|Any CPU
		{5FFEF4A2-8467-4845-A8FC-A094415A4B8A}.Debug|Any CPU.Build.0 = Debug|Any CPU
		{5FFEF4A2-8467-4845-A8FC-A094415A4B8A}.Release|Any CPU.ActiveCfg = Release|Any CPU
		{5FFEF4A2-8467-4845-A8FC-A094415A4B8A}.Release|Any CPU.Build.0 = Release|Any CPU
		{77AC5E26-80A1-4429-8A45-415DEDA91A76}.Debug|Any CPU.ActiveCfg = Debug|Any CPU
		{77AC5E26-80A1-4429-8A45-415DEDA91A76}.Debug|Any CPU.Build.0 = Debug|Any CPU
		{77AC5E26-80A1-4429-8A45-415DEDA91A76}.Release|Any CPU.ActiveCfg = Release|Any CPU
		{77AC5E26-80A1-4429-8A45-415DEDA91A76}.Release|Any CPU.Build.0 = Release|Any CPU
		{75EF6D81-DF7E-4AE1-9183-B19D6BB169FD}.Debug|Any CPU.ActiveCfg = Debug|Any CPU
		{75EF6D81-DF7E-4AE1-9183-B19D6BB169FD}.Debug|Any CPU.Build.0 = Debug|Any CPU
		{75EF6D81-DF7E-4AE1-9183-B19D6BB169FD}.Release|Any CPU.ActiveCfg = Release|Any CPU
		{75EF6D81-DF7E-4AE1-9183-B19D6BB169FD}.Release|Any CPU.Build.0 = Release|Any CPU
		{8C4DE8FF-BA9A-4B67-86C3-FB5733BDC596}.Debug|Any CPU.ActiveCfg = Debug|Any CPU
		{8C4DE8FF-BA9A-4B67-86C3-FB5733BDC596}.Debug|Any CPU.Build.0 = Debug|Any CPU
		{8C4DE8FF-BA9A-4B67-86C3-FB5733BDC596}.Release|Any CPU.ActiveCfg = Release|Any CPU
		{8C4DE8FF-BA9A-4B67-86C3-FB5733BDC596}.Release|Any CPU.Build.0 = Release|Any CPU
	EndGlobalSection
	GlobalSection(SolutionProperties) = preSolution
		HideSolutionNode = FALSE
	EndGlobalSection
	GlobalSection(ExtensibilityGlobals) = postSolution
		SolutionGuid = {55B01C6D-4204-4BE6-B55D-2CACA98A78EF}
	EndGlobalSection
EndGlobal
