
Microsoft Visual Studio Solution File, Format Version 12.00
# Visual Studio Version 16
VisualStudioVersion = 16.0.29709.97
MinimumVisualStudioVersion = 10.0.40219.1
Project("{FAE04EC0-301F-11D3-BF4B-00C04F79EFBC}") = "01.messaging", "05.Lists- More ex\01.messaging.csproj", "{16CE2512-2F2E-40D5-AA25-DC23A18CB616}"
EndProject
Project("{FAE04EC0-301F-11D3-BF4B-00C04F79EFBC}") = "02.CarRace", "02.CarRace\02.CarRace.csproj", "{5F701D76-CDF4-4053-9108-F3C9C531C3F6}"
EndProject
Project("{FAE04EC0-301F-11D3-BF4B-00C04F79EFBC}") = "03.Take.Skip Rope", "03.Take.Skip Rope\03.Take.Skip Rope.csproj", "{F91D7493-646D-42AC-BA3C-4CAF06BCEEF8}"
EndProject
Global
	GlobalSection(SolutionConfigurationPlatforms) = preSolution
		Debug|Any CPU = Debug|Any CPU
		Release|Any CPU = Release|Any CPU
	EndGlobalSection
	GlobalSection(ProjectConfigurationPlatforms) = postSolution
		{16CE2512-2F2E-40D5-AA25-DC23A18CB616}.Debug|Any CPU.ActiveCfg = Debug|Any CPU
		{16CE2512-2F2E-40D5-AA25-DC23A18CB616}.Debug|Any CPU.Build.0 = Debug|Any CPU
		{16CE2512-2F2E-40D5-AA25-DC23A18CB616}.Release|Any CPU.ActiveCfg = Release|Any CPU
		{16CE2512-2F2E-40D5-AA25-DC23A18CB616}.Release|Any CPU.Build.0 = Release|Any CPU
		{5F701D76-CDF4-4053-9108-F3C9C531C3F6}.Debug|Any CPU.ActiveCfg = Debug|Any CPU
		{5F701D76-CDF4-4053-9108-F3C9C531C3F6}.Debug|Any CPU.Build.0 = Debug|Any CPU
		{5F701D76-CDF4-4053-9108-F3C9C531C3F6}.Release|Any CPU.ActiveCfg = Release|Any CPU
		{5F701D76-CDF4-4053-9108-F3C9C531C3F6}.Release|Any CPU.Build.0 = Release|Any CPU
		{F91D7493-646D-42AC-BA3C-4CAF06BCEEF8}.Debug|Any CPU.ActiveCfg = Debug|Any CPU
		{F91D7493-646D-42AC-BA3C-4CAF06BCEEF8}.Debug|Any CPU.Build.0 = Debug|Any CPU
		{F91D7493-646D-42AC-BA3C-4CAF06BCEEF8}.Release|Any CPU.ActiveCfg = Release|Any CPU
		{F91D7493-646D-42AC-BA3C-4CAF06BCEEF8}.Release|Any CPU.Build.0 = Release|Any CPU
	EndGlobalSection
	GlobalSection(SolutionProperties) = preSolution
		HideSolutionNode = FALSE
	EndGlobalSection
	GlobalSection(ExtensibilityGlobals) = postSolution
		SolutionGuid = {248D00CE-5DDD-46E3-9485-4F2254FAEA8F}
	EndGlobalSection
EndGlobal
