
Microsoft Visual Studio Solution File, Format Version 12.00
# Visual Studio Version 16
VisualStudioVersion = 16.0.29709.97
MinimumVisualStudioVersion = 10.0.40219.1
Project("{FAE04EC0-301F-11D3-BF4B-00C04F79EFBC}") = "10.LadyBugs", "10.LadyBugs\10.LadyBugs.csproj", "{C1930CB2-3B2C-48FD-BD2D-CAA195A12579}"
EndProject
Project("{FAE04EC0-301F-11D3-BF4B-00C04F79EFBC}") = "01.Encrypt,Sort and PrintArray", "01.Encrypt,Sort and PrintArray\01.Encrypt,Sort and PrintArray.csproj", "{22F1F7CC-0695-4533-85B7-8BD3444E802E}"
EndProject
Project("{FAE04EC0-301F-11D3-BF4B-00C04F79EFBC}") = "02.pascal Triangle", "02.pascal Triangle\02.pascal Triangle.csproj", "{8AC09CD0-A29B-4976-9E74-457C6238EF98}"
EndProject
Global
	GlobalSection(SolutionConfigurationPlatforms) = preSolution
		Debug|Any CPU = Debug|Any CPU
		Release|Any CPU = Release|Any CPU
	EndGlobalSection
	GlobalSection(ProjectConfigurationPlatforms) = postSolution
		{C1930CB2-3B2C-48FD-BD2D-CAA195A12579}.Debug|Any CPU.ActiveCfg = Debug|Any CPU
		{C1930CB2-3B2C-48FD-BD2D-CAA195A12579}.Debug|Any CPU.Build.0 = Debug|Any CPU
		{C1930CB2-3B2C-48FD-BD2D-CAA195A12579}.Release|Any CPU.ActiveCfg = Release|Any CPU
		{C1930CB2-3B2C-48FD-BD2D-CAA195A12579}.Release|Any CPU.Build.0 = Release|Any CPU
		{22F1F7CC-0695-4533-85B7-8BD3444E802E}.Debug|Any CPU.ActiveCfg = Debug|Any CPU
		{22F1F7CC-0695-4533-85B7-8BD3444E802E}.Debug|Any CPU.Build.0 = Debug|Any CPU
		{22F1F7CC-0695-4533-85B7-8BD3444E802E}.Release|Any CPU.ActiveCfg = Release|Any CPU
		{22F1F7CC-0695-4533-85B7-8BD3444E802E}.Release|Any CPU.Build.0 = Release|Any CPU
		{8AC09CD0-A29B-4976-9E74-457C6238EF98}.Debug|Any CPU.ActiveCfg = Debug|Any CPU
		{8AC09CD0-A29B-4976-9E74-457C6238EF98}.Debug|Any CPU.Build.0 = Debug|Any CPU
		{8AC09CD0-A29B-4976-9E74-457C6238EF98}.Release|Any CPU.ActiveCfg = Release|Any CPU
		{8AC09CD0-A29B-4976-9E74-457C6238EF98}.Release|Any CPU.Build.0 = Release|Any CPU
	EndGlobalSection
	GlobalSection(SolutionProperties) = preSolution
		HideSolutionNode = FALSE
	EndGlobalSection
	GlobalSection(ExtensibilityGlobals) = postSolution
		SolutionGuid = {A6076F72-F0B2-4B7B-9F39-A9C419EA5C6D}
	EndGlobalSection
EndGlobal
