
Microsoft Visual Studio Solution File, Format Version 12.00
# Visual Studio Version 16
VisualStudioVersion = 16.0.29709.97
MinimumVisualStudioVersion = 10.0.40219.1
Project("{9A19103F-16F7-4668-BE54-9A1E7A4F7556}") = "0.MathFullName", "10.RegexLab\0.MathFullName.csproj", "{7AA9811B-FD94-42D5-BE38-005A13DDFD1A}"
EndProject
Project("{9A19103F-16F7-4668-BE54-9A1E7A4F7556}") = "02.MatchPhoneNumber", "02.MatchPhoneNumber\02.MatchPhoneNumber.csproj", "{2A6DBFF0-6A50-4B65-85ED-E7A96E0892E6}"
EndProject
Project("{FAE04EC0-301F-11D3-BF4B-00C04F79EFBC}") = "03.DateMatch", "03.DateMatch\03.DateMatch.csproj", "{7763AD95-EFE9-4B67-95A9-9EC2267345AC}"
EndProject
Global
	GlobalSection(SolutionConfigurationPlatforms) = preSolution
		Debug|Any CPU = Debug|Any CPU
		Release|Any CPU = Release|Any CPU
	EndGlobalSection
	GlobalSection(ProjectConfigurationPlatforms) = postSolution
		{7AA9811B-FD94-42D5-BE38-005A13DDFD1A}.Debug|Any CPU.ActiveCfg = Debug|Any CPU
		{7AA9811B-FD94-42D5-BE38-005A13DDFD1A}.Debug|Any CPU.Build.0 = Debug|Any CPU
		{7AA9811B-FD94-42D5-BE38-005A13DDFD1A}.Release|Any CPU.ActiveCfg = Release|Any CPU
		{7AA9811B-FD94-42D5-BE38-005A13DDFD1A}.Release|Any CPU.Build.0 = Release|Any CPU
		{2A6DBFF0-6A50-4B65-85ED-E7A96E0892E6}.Debug|Any CPU.ActiveCfg = Debug|Any CPU
		{2A6DBFF0-6A50-4B65-85ED-E7A96E0892E6}.Debug|Any CPU.Build.0 = Debug|Any CPU
		{2A6DBFF0-6A50-4B65-85ED-E7A96E0892E6}.Release|Any CPU.ActiveCfg = Release|Any CPU
		{2A6DBFF0-6A50-4B65-85ED-E7A96E0892E6}.Release|Any CPU.Build.0 = Release|Any CPU
		{7763AD95-EFE9-4B67-95A9-9EC2267345AC}.Debug|Any CPU.ActiveCfg = Debug|Any CPU
		{7763AD95-EFE9-4B67-95A9-9EC2267345AC}.Debug|Any CPU.Build.0 = Debug|Any CPU
		{7763AD95-EFE9-4B67-95A9-9EC2267345AC}.Release|Any CPU.ActiveCfg = Release|Any CPU
		{7763AD95-EFE9-4B67-95A9-9EC2267345AC}.Release|Any CPU.Build.0 = Release|Any CPU
	EndGlobalSection
	GlobalSection(SolutionProperties) = preSolution
		HideSolutionNode = FALSE
	EndGlobalSection
	GlobalSection(ExtensibilityGlobals) = postSolution
		SolutionGuid = {8145791B-27EA-4052-9F16-067F6D26EFEE}
	EndGlobalSection
EndGlobal
