
Microsoft Visual Studio Solution File, Format Version 12.00
# Visual Studio Version 16
VisualStudioVersion = 16.0.29709.97
MinimumVisualStudioVersion = 10.0.40219.1
Project("{FAE04EC0-301F-11D3-BF4B-00C04F79EFBC}") = "01. winning ticket", "Regular Expressions - More Exercise\01. winning ticket.csproj", "{2A651272-CB5B-4BBF-8801-9632CB1E32B7}"
EndProject
Global
	GlobalSection(SolutionConfigurationPlatforms) = preSolution
		Debug|Any CPU = Debug|Any CPU
		Release|Any CPU = Release|Any CPU
	EndGlobalSection
	GlobalSection(ProjectConfigurationPlatforms) = postSolution
		{2A651272-CB5B-4BBF-8801-9632CB1E32B7}.Debug|Any CPU.ActiveCfg = Debug|Any CPU
		{2A651272-CB5B-4BBF-8801-9632CB1E32B7}.Debug|Any CPU.Build.0 = Debug|Any CPU
		{2A651272-CB5B-4BBF-8801-9632CB1E32B7}.Release|Any CPU.ActiveCfg = Release|Any CPU
		{2A651272-CB5B-4BBF-8801-9632CB1E32B7}.Release|Any CPU.Build.0 = Release|Any CPU
	EndGlobalSection
	GlobalSection(SolutionProperties) = preSolution
		HideSolutionNode = FALSE
	EndGlobalSection
	GlobalSection(ExtensibilityGlobals) = postSolution
		SolutionGuid = {8818610D-6ED3-4743-9596-B21DF3C6DD68}
	EndGlobalSection
EndGlobal
