
Microsoft Visual Studio Solution File, Format Version 12.00
# Visual Studio Version 16
VisualStudioVersion = 16.0.29709.97
MinimumVisualStudioVersion = 10.0.40219.1
Project("{FAE04EC0-301F-11D3-BF4B-00C04F79EFBC}") = "WindowsFormsApp1", "WindowsFormsApp1\WindowsFormsApp1.csproj", "{CBD6927C-EB5D-4F60-9E1C-4A2AEE7198E8}"
EndProject
Global
	GlobalSection(SolutionConfigurationPlatforms) = preSolution
		Debug|Any CPU = Debug|Any CPU
		Release|Any CPU = Release|Any CPU
	EndGlobalSection
	GlobalSection(ProjectConfigurationPlatforms) = postSolution
		{CBD6927C-EB5D-4F60-9E1C-4A2AEE7198E8}.Debug|Any CPU.ActiveCfg = Debug|Any CPU
		{CBD6927C-EB5D-4F60-9E1C-4A2AEE7198E8}.Debug|Any CPU.Build.0 = Debug|Any CPU
		{CBD6927C-EB5D-4F60-9E1C-4A2AEE7198E8}.Release|Any CPU.ActiveCfg = Release|Any CPU
		{CBD6927C-EB5D-4F60-9E1C-4A2AEE7198E8}.Release|Any CPU.Build.0 = Release|Any CPU
	EndGlobalSection
	GlobalSection(SolutionProperties) = preSolution
		HideSolutionNode = FALSE
	EndGlobalSection
	GlobalSection(ExtensibilityGlobals) = postSolution
		SolutionGuid = {99886EF2-93F4-4D07-894F-27B5516D4268}
	EndGlobalSection
EndGlobal
