
Microsoft Visual Studio Solution File, Format Version 12.00
# Visual Studio Version 16
VisualStudioVersion = 16.0.29709.97
MinimumVisualStudioVersion = 10.0.40219.1
Project("{FAE04EC0-301F-11D3-BF4B-00C04F79EFBC}") = "01.ReverseString", "Text Procesing- Lab\01.ReverseString.csproj", "{F3F6BD03-7746-4203-B0BE-A15FDA9E775A}"
EndProject
Project("{FAE04EC0-301F-11D3-BF4B-00C04F79EFBC}") = "02.RepeatString", "02.RepeatString\02.RepeatString.csproj", "{B551B268-5AD1-4CB6-A35F-CBF5FCF77F60}"
EndProject
Project("{FAE04EC0-301F-11D3-BF4B-00C04F79EFBC}") = "03.SubString", "03.SubString\03.SubString.csproj", "{5440DC01-BC72-4BDA-8243-6B5DDAEF29B9}"
EndProject
Project("{FAE04EC0-301F-11D3-BF4B-00C04F79EFBC}") = "Demo", "Demo\Demo.csproj", "{B4231057-1245-4AFA-910E-AE28FE1543AB}"
EndProject
Project("{FAE04EC0-301F-11D3-BF4B-00C04F79EFBC}") = "04.TextFilter", "04.TextFilter\04.TextFilter.csproj", "{C5581929-85C8-4874-B45E-4BCCC5EBB2FD}"
EndProject
Project("{FAE04EC0-301F-11D3-BF4B-00C04F79EFBC}") = "05.Digits, Letters and Other", "05.Digits, Letters and\05.Digits, Letters and Other.csproj", "{6A3ABF91-F40B-4FFB-BE16-BD807B10B641}"
EndProject
Global
	GlobalSection(SolutionConfigurationPlatforms) = preSolution
		Debug|Any CPU = Debug|Any CPU
		Release|Any CPU = Release|Any CPU
	EndGlobalSection
	GlobalSection(ProjectConfigurationPlatforms) = postSolution
		{F3F6BD03-7746-4203-B0BE-A15FDA9E775A}.Debug|Any CPU.ActiveCfg = Debug|Any CPU
		{F3F6BD03-7746-4203-B0BE-A15FDA9E775A}.Debug|Any CPU.Build.0 = Debug|Any CPU
		{F3F6BD03-7746-4203-B0BE-A15FDA9E775A}.Release|Any CPU.ActiveCfg = Release|Any CPU
		{F3F6BD03-7746-4203-B0BE-A15FDA9E775A}.Release|Any CPU.Build.0 = Release|Any CPU
		{B551B268-5AD1-4CB6-A35F-CBF5FCF77F60}.Debug|Any CPU.ActiveCfg = Debug|Any CPU
		{B551B268-5AD1-4CB6-A35F-CBF5FCF77F60}.Debug|Any CPU.Build.0 = Debug|Any CPU
		{B551B268-5AD1-4CB6-A35F-CBF5FCF77F60}.Release|Any CPU.ActiveCfg = Release|Any CPU
		{B551B268-5AD1-4CB6-A35F-CBF5FCF77F60}.Release|Any CPU.Build.0 = Release|Any CPU
		{5440DC01-BC72-4BDA-8243-6B5DDAEF29B9}.Debug|Any CPU.ActiveCfg = Debug|Any CPU
		{5440DC01-BC72-4BDA-8243-6B5DDAEF29B9}.Debug|Any CPU.Build.0 = Debug|Any CPU
		{5440DC01-BC72-4BDA-8243-6B5DDAEF29B9}.Release|Any CPU.ActiveCfg = Release|Any CPU
		{5440DC01-BC72-4BDA-8243-6B5DDAEF29B9}.Release|Any CPU.Build.0 = Release|Any CPU
		{B4231057-1245-4AFA-910E-AE28FE1543AB}.Debug|Any CPU.ActiveCfg = Debug|Any CPU
		{B4231057-1245-4AFA-910E-AE28FE1543AB}.Debug|Any CPU.Build.0 = Debug|Any CPU
		{B4231057-1245-4AFA-910E-AE28FE1543AB}.Release|Any CPU.ActiveCfg = Release|Any CPU
		{B4231057-1245-4AFA-910E-AE28FE1543AB}.Release|Any CPU.Build.0 = Release|Any CPU
		{C5581929-85C8-4874-B45E-4BCCC5EBB2FD}.Debug|Any CPU.ActiveCfg = Debug|Any CPU
		{C5581929-85C8-4874-B45E-4BCCC5EBB2FD}.Debug|Any CPU.Build.0 = Debug|Any CPU
		{C5581929-85C8-4874-B45E-4BCCC5EBB2FD}.Release|Any CPU.ActiveCfg = Release|Any CPU
		{C5581929-85C8-4874-B45E-4BCCC5EBB2FD}.Release|Any CPU.Build.0 = Release|Any CPU
		{6A3ABF91-F40B-4FFB-BE16-BD807B10B641}.Debug|Any CPU.ActiveCfg = Debug|Any CPU
		{6A3ABF91-F40B-4FFB-BE16-BD807B10B641}.Debug|Any CPU.Build.0 = Debug|Any CPU
		{6A3ABF91-F40B-4FFB-BE16-BD807B10B641}.Release|Any CPU.ActiveCfg = Release|Any CPU
		{6A3ABF91-F40B-4FFB-BE16-BD807B10B641}.Release|Any CPU.Build.0 = Release|Any CPU
	EndGlobalSection
	GlobalSection(SolutionProperties) = preSolution
		HideSolutionNode = FALSE
	EndGlobalSection
	GlobalSection(ExtensibilityGlobals) = postSolution
		SolutionGuid = {8EB60285-5604-4C6B-B7DE-515A544FBA87}
	EndGlobalSection
EndGlobal
